
Microsoft Visual Studio Solution File, Format Version 12.00
# Visual Studio 15
VisualStudioVersion = 15.0.27004.2005
MinimumVisualStudioVersion = 10.0.40219.1
Project("{FAE04EC0-301F-11D3-BF4B-00C04F79EFBC}") = "DistriFarmaNet", "DistriFarmaNet\DistriFarmaNet.csproj", "{BD7ED12F-114F-406D-97E6-1489702113B5}"
EndProject
Global
	GlobalSection(SolutionConfigurationPlatforms) = preSolution
		Debug|Any CPU = Debug|Any CPU
		Release|Any CPU = Release|Any CPU
	EndGlobalSection
	GlobalSection(ProjectConfigurationPlatforms) = postSolution
		{BD7ED12F-114F-406D-97E6-1489702113B5}.Debug|Any CPU.ActiveCfg = Debug|Any CPU
		{BD7ED12F-114F-406D-97E6-1489702113B5}.Debug|Any CPU.Build.0 = Debug|Any CPU
		{BD7ED12F-114F-406D-97E6-1489702113B5}.Release|Any CPU.ActiveCfg = Release|Any CPU
		{BD7ED12F-114F-406D-97E6-1489702113B5}.Release|Any CPU.Build.0 = Release|Any CPU
	EndGlobalSection
	GlobalSection(SolutionProperties) = preSolution
		HideSolutionNode = FALSE
	EndGlobalSection
	GlobalSection(ExtensibilityGlobals) = postSolution
		SolutionGuid = {698FC656-1916-491A-B91B-B471779F4A1A}
	EndGlobalSection
EndGlobal
